// !$*UTF8*$!
{
	archiveVersion = 1;
	classes = {
	};
	objectVersion = 51;
	objects = {

/* Begin PBXBuildFile section */
		1215F31122F174BD0075B47A /* AppDelegate.swift in Sources */ = {isa = PBXBuildFile; fileRef = 1215F31022F174BD0075B47A /* AppDelegate.swift */; };
		12D75CBB22546248004D1AC4 /* Messagestore.framework in Frameworks */ = {isa = PBXBuildFile; fileRef = 12D75CB122546247004D1AC4 /* Messagestore.framework */; };
		12D75CC022546248004D1AC4 /* MessagestoreTests.swift in Sources */ = {isa = PBXBuildFile; fileRef = 12D75CBF22546248004D1AC4 /* MessagestoreTests.swift */; };
		12D75CC222546248004D1AC4 /* Messagestore.h in Headers */ = {isa = PBXBuildFile; fileRef = 12D75CB422546247004D1AC4 /* Messagestore.h */; settings = {ATTRIBUTES = (Public, ); }; };
		12D75CCF225463B3004D1AC4 /* RoomProtocol.swift in Sources */ = {isa = PBXBuildFile; fileRef = 12D75CCB225463AA004D1AC4 /* RoomProtocol.swift */; };
		12D75CD0225463B3004D1AC4 /* TranscriptProtocol.swift in Sources */ = {isa = PBXBuildFile; fileRef = 12D75CCC225463AC004D1AC4 /* TranscriptProtocol.swift */; };
		12D75CD1225463B3004D1AC4 /* MemberProtocol.swift in Sources */ = {isa = PBXBuildFile; fileRef = 12D75CCD225463AF004D1AC4 /* MemberProtocol.swift */; };
		12D75CD2225463B3004D1AC4 /* Message.swift in Sources */ = {isa = PBXBuildFile; fileRef = 12D75CCE225463B2004D1AC4 /* Message.swift */; };
		12D75D022254A6FD004D1AC4 /* InboxViewController.swift in Sources */ = {isa = PBXBuildFile; fileRef = 12D75CF42254A6FC004D1AC4 /* InboxViewController.swift */; };
		12D75D032254A6FD004D1AC4 /* InboxViewCell.xib in Resources */ = {isa = PBXBuildFile; fileRef = 12D75CF52254A6FC004D1AC4 /* InboxViewCell.xib */; };
		12D75D042254A6FD004D1AC4 /* InboxViewCell.swift in Sources */ = {isa = PBXBuildFile; fileRef = 12D75CF62254A6FC004D1AC4 /* InboxViewCell.swift */; };
		12D75D052254A6FD004D1AC4 /* MessageViewCell.swift in Sources */ = {isa = PBXBuildFile; fileRef = 12D75CF82254A6FD004D1AC4 /* MessageViewCell.swift */; };
		12D75D062254A6FD004D1AC4 /* MessageViewRightCell.xib in Resources */ = {isa = PBXBuildFile; fileRef = 12D75CF92254A6FD004D1AC4 /* MessageViewRightCell.xib */; };
		12D75D072254A6FD004D1AC4 /* MessageViewRightCell.swift in Sources */ = {isa = PBXBuildFile; fileRef = 12D75CFA2254A6FD004D1AC4 /* MessageViewRightCell.swift */; };
		12D75D092254A6FD004D1AC4 /* MessagesViewFlowLayout.swift in Sources */ = {isa = PBXBuildFile; fileRef = 12D75CFC2254A6FD004D1AC4 /* MessagesViewFlowLayout.swift */; };
		12D75D0A2254A6FD004D1AC4 /* MessagesViewController.swift in Sources */ = {isa = PBXBuildFile; fileRef = 12D75CFD2254A6FD004D1AC4 /* MessagesViewController.swift */; };
		12D75D0B2254A6FD004D1AC4 /* MessagesView.swift in Sources */ = {isa = PBXBuildFile; fileRef = 12D75CFE2254A6FD004D1AC4 /* MessagesView.swift */; };
		12D75D0C2254A6FD004D1AC4 /* MessageViewLeftCell.swift in Sources */ = {isa = PBXBuildFile; fileRef = 12D75CFF2254A6FD004D1AC4 /* MessageViewLeftCell.swift */; };
		12D75D0D2254A6FD004D1AC4 /* MessageViewLeftCell.xib in Resources */ = {isa = PBXBuildFile; fileRef = 12D75D002254A6FD004D1AC4 /* MessageViewLeftCell.xib */; };
		12D8F2772359980D0053C3C9 /* TopicsViewController.swift in Sources */ = {isa = PBXBuildFile; fileRef = 12D8F2762359980D0053C3C9 /* TopicsViewController.swift */; };
		12D8F27923599BC20053C3C9 /* PostsViewController.swift in Sources */ = {isa = PBXBuildFile; fileRef = 12D8F27823599BC20053C3C9 /* PostsViewController.swift */; };
		12D8F27C23599BD20053C3C9 /* Forum.swift in Sources */ = {isa = PBXBuildFile; fileRef = 12D8F27B23599BD20053C3C9 /* Forum.swift */; };
		12D8F2802359A6CC0053C3C9 /* TopicViewCell.swift in Sources */ = {isa = PBXBuildFile; fileRef = 12D8F27E2359A6CC0053C3C9 /* TopicViewCell.swift */; };
		12D8F2812359A6CC0053C3C9 /* TopicViewCell.xib in Resources */ = {isa = PBXBuildFile; fileRef = 12D8F27F2359A6CC0053C3C9 /* TopicViewCell.xib */; };
		12D8F2842359BF270053C3C9 /* Forum.swift in Sources */ = {isa = PBXBuildFile; fileRef = 12D8F27B23599BD20053C3C9 /* Forum.swift */; };
		12D8F2852359BF2C0053C3C9 /* TopicsViewController.swift in Sources */ = {isa = PBXBuildFile; fileRef = 12D8F2762359980D0053C3C9 /* TopicsViewController.swift */; };
		12D8F2862359BF2C0053C3C9 /* TopicViewCell.swift in Sources */ = {isa = PBXBuildFile; fileRef = 12D8F27E2359A6CC0053C3C9 /* TopicViewCell.swift */; };
		12D8F2872359BF2C0053C3C9 /* TopicViewCell.xib in Resources */ = {isa = PBXBuildFile; fileRef = 12D8F27F2359A6CC0053C3C9 /* TopicViewCell.xib */; };
		12D8F2882359BF2F0053C3C9 /* PostsViewController.swift in Sources */ = {isa = PBXBuildFile; fileRef = 12D8F27823599BC20053C3C9 /* PostsViewController.swift */; };
		12D8F28A2359C3E20053C3C9 /* ForumViewController.swift in Sources */ = {isa = PBXBuildFile; fileRef = 12D8F2892359C3E20053C3C9 /* ForumViewController.swift */; };
		12D8F28C2359CC390053C3C9 /* PostViewController.swift in Sources */ = {isa = PBXBuildFile; fileRef = 12D8F28B2359CC390053C3C9 /* PostViewController.swift */; };
		12D8F28E2359CCAC0053C3C9 /* AddTopicViewController.swift in Sources */ = {isa = PBXBuildFile; fileRef = 12D8F28D2359CCAC0053C3C9 /* AddTopicViewController.swift */; };
		12D8F2902359CD1B0053C3C9 /* AddTopicViewController.storyboard in Resources */ = {isa = PBXBuildFile; fileRef = 12D8F28F2359CD1B0053C3C9 /* AddTopicViewController.storyboard */; };
		12D8F2922359ED0E0053C3C9 /* Subscription.swift in Sources */ = {isa = PBXBuildFile; fileRef = 12D8F2912359ED0E0053C3C9 /* Subscription.swift */; };
		12D8F2932359ED110053C3C9 /* Subscription.swift in Sources */ = {isa = PBXBuildFile; fileRef = 12D8F2912359ED0E0053C3C9 /* Subscription.swift */; };
		12E25AE72255BEED0046CB1C /* Assets.xcassets in Resources */ = {isa = PBXBuildFile; fileRef = 12E25AE62255BEED0046CB1C /* Assets.xcassets */; };
		12E25AEA2255BEED0046CB1C /* LaunchScreen.storyboard in Resources */ = {isa = PBXBuildFile; fileRef = 12E25AE82255BEED0046CB1C /* LaunchScreen.storyboard */; };
		12E25AFA2255BF070046CB1C /* HeaderCell.xib in Resources */ = {isa = PBXBuildFile; fileRef = 12E25AF02255BF060046CB1C /* HeaderCell.xib */; };
		12E25AFB2255BF070046CB1C /* Room.swift in Sources */ = {isa = PBXBuildFile; fileRef = 12E25AF12255BF060046CB1C /* Room.swift */; };
		12E25AFC2255BF070046CB1C /* HeaderCell.swift in Sources */ = {isa = PBXBuildFile; fileRef = 12E25AF22255BF060046CB1C /* HeaderCell.swift */; };
		12E25AFD2255BF070046CB1C /* BoxViewController.swift in Sources */ = {isa = PBXBuildFile; fileRef = 12E25AF32255BF060046CB1C /* BoxViewController.swift */; };
		12E25AFE2255BF070046CB1C /* User.swift in Sources */ = {isa = PBXBuildFile; fileRef = 12E25AF42255BF070046CB1C /* User.swift */; };
		12E25AFF2255BF070046CB1C /* GoogleService-Info.plist in Resources */ = {isa = PBXBuildFile; fileRef = 12E25AF52255BF070046CB1C /* GoogleService-Info.plist */; };
		12E25B012255BF070046CB1C /* Transcript.swift in Sources */ = {isa = PBXBuildFile; fileRef = 12E25AF72255BF070046CB1C /* Transcript.swift */; };
		12E25B022255BF070046CB1C /* MessageViewController.swift in Sources */ = {isa = PBXBuildFile; fileRef = 12E25AF82255BF070046CB1C /* MessageViewController.swift */; };
		12E25B032255C1E10046CB1C /* Message.swift in Sources */ = {isa = PBXBuildFile; fileRef = 12D75CCE225463B2004D1AC4 /* Message.swift */; };
		12E25B042255C1E10046CB1C /* RoomProtocol.swift in Sources */ = {isa = PBXBuildFile; fileRef = 12D75CCB225463AA004D1AC4 /* RoomProtocol.swift */; };
		12E25B052255C1E10046CB1C /* TranscriptProtocol.swift in Sources */ = {isa = PBXBuildFile; fileRef = 12D75CCC225463AC004D1AC4 /* TranscriptProtocol.swift */; };
		12E25B062255C1E10046CB1C /* MemberProtocol.swift in Sources */ = {isa = PBXBuildFile; fileRef = 12D75CCD225463AF004D1AC4 /* MemberProtocol.swift */; };
		12E25B072255C1E40046CB1C /* InboxViewController.swift in Sources */ = {isa = PBXBuildFile; fileRef = 12D75CF42254A6FC004D1AC4 /* InboxViewController.swift */; };
		12E25B082255C1E40046CB1C /* InboxViewCell.xib in Resources */ = {isa = PBXBuildFile; fileRef = 12D75CF52254A6FC004D1AC4 /* InboxViewCell.xib */; };
		12E25B092255C1E40046CB1C /* InboxViewCell.swift in Sources */ = {isa = PBXBuildFile; fileRef = 12D75CF62254A6FC004D1AC4 /* InboxViewCell.swift */; };
		12E25B0A2255C1E70046CB1C /* MessageViewCell.swift in Sources */ = {isa = PBXBuildFile; fileRef = 12D75CF82254A6FD004D1AC4 /* MessageViewCell.swift */; };
		12E25B0B2255C1E70046CB1C /* MessageViewRightCell.xib in Resources */ = {isa = PBXBuildFile; fileRef = 12D75CF92254A6FD004D1AC4 /* MessageViewRightCell.xib */; };
		12E25B0C2255C1E70046CB1C /* MessageViewRightCell.swift in Sources */ = {isa = PBXBuildFile; fileRef = 12D75CFA2254A6FD004D1AC4 /* MessageViewRightCell.swift */; };
		12E25B0E2255C1E70046CB1C /* MessagesViewFlowLayout.swift in Sources */ = {isa = PBXBuildFile; fileRef = 12D75CFC2254A6FD004D1AC4 /* MessagesViewFlowLayout.swift */; };
		12E25B0F2255C1E70046CB1C /* MessagesViewController.swift in Sources */ = {isa = PBXBuildFile; fileRef = 12D75CFD2254A6FD004D1AC4 /* MessagesViewController.swift */; };
		12E25B102255C1E70046CB1C /* MessagesView.swift in Sources */ = {isa = PBXBuildFile; fileRef = 12D75CFE2254A6FD004D1AC4 /* MessagesView.swift */; };
		12E25B112255C1E70046CB1C /* MessageViewLeftCell.swift in Sources */ = {isa = PBXBuildFile; fileRef = 12D75CFF2254A6FD004D1AC4 /* MessageViewLeftCell.swift */; };
		12E25B122255C1E70046CB1C /* MessageViewLeftCell.xib in Resources */ = {isa = PBXBuildFile; fileRef = 12D75D002254A6FD004D1AC4 /* MessageViewLeftCell.xib */; };
		12E25B162255CAB30046CB1C /* ViewController.storyboard in Resources */ = {isa = PBXBuildFile; fileRef = 12E25B142255CAB30046CB1C /* ViewController.storyboard */; };
		12E25B172255CAB30046CB1C /* ViewController.swift in Sources */ = {isa = PBXBuildFile; fileRef = 12E25B152255CAB30046CB1C /* ViewController.swift */; };
		6A84F4B1D42B4AA7C7CF7E07 /* Pods_MessagestoreTests.framework in Frameworks */ = {isa = PBXBuildFile; fileRef = FA9B2C35D94D7A8D0AD606E1 /* Pods_MessagestoreTests.framework */; };
		C4EBD91632EDDDFF396DD4D2 /* Pods_Messagestore.framework in Frameworks */ = {isa = PBXBuildFile; fileRef = 62D5187A18672521346A180E /* Pods_Messagestore.framework */; };
		C806D49A37B92CC3F5279F7A /* Pods_Sample.framework in Frameworks */ = {isa = PBXBuildFile; fileRef = D21C7354EDA654E560AFFBB4 /* Pods_Sample.framework */; };
/* End PBXBuildFile section */

/* Begin PBXContainerItemProxy section */
		12D75CBC22546248004D1AC4 /* PBXContainerItemProxy */ = {
			isa = PBXContainerItemProxy;
			containerPortal = 12D75CA822546247004D1AC4 /* Project object */;
			proxyType = 1;
			remoteGlobalIDString = 12D75CB022546247004D1AC4;
			remoteInfo = Messagestore;
		};
/* End PBXContainerItemProxy section */

/* Begin PBXFileReference section */
		1215F31022F174BD0075B47A /* AppDelegate.swift */ = {isa = PBXFileReference; fileEncoding = 4; lastKnownFileType = sourcecode.swift; path = AppDelegate.swift; sourceTree = "<group>"; };
		12D75CB122546247004D1AC4 /* Messagestore.framework */ = {isa = PBXFileReference; explicitFileType = wrapper.framework; includeInIndex = 0; path = Messagestore.framework; sourceTree = BUILT_PRODUCTS_DIR; };
		12D75CB422546247004D1AC4 /* Messagestore.h */ = {isa = PBXFileReference; lastKnownFileType = sourcecode.c.h; path = Messagestore.h; sourceTree = "<group>"; };
		12D75CB522546247004D1AC4 /* Info.plist */ = {isa = PBXFileReference; lastKnownFileType = text.plist.xml; path = Info.plist; sourceTree = "<group>"; };
		12D75CBA22546248004D1AC4 /* MessagestoreTests.xctest */ = {isa = PBXFileReference; explicitFileType = wrapper.cfbundle; includeInIndex = 0; path = MessagestoreTests.xctest; sourceTree = BUILT_PRODUCTS_DIR; };
		12D75CBF22546248004D1AC4 /* MessagestoreTests.swift */ = {isa = PBXFileReference; lastKnownFileType = sourcecode.swift; path = MessagestoreTests.swift; sourceTree = "<group>"; };
		12D75CC122546248004D1AC4 /* Info.plist */ = {isa = PBXFileReference; lastKnownFileType = text.plist.xml; path = Info.plist; sourceTree = "<group>"; };
		12D75CCB225463AA004D1AC4 /* RoomProtocol.swift */ = {isa = PBXFileReference; fileEncoding = 4; lastKnownFileType = sourcecode.swift; path = RoomProtocol.swift; sourceTree = "<group>"; };
		12D75CCC225463AC004D1AC4 /* TranscriptProtocol.swift */ = {isa = PBXFileReference; fileEncoding = 4; lastKnownFileType = sourcecode.swift; path = TranscriptProtocol.swift; sourceTree = "<group>"; };
		12D75CCD225463AF004D1AC4 /* MemberProtocol.swift */ = {isa = PBXFileReference; fileEncoding = 4; lastKnownFileType = sourcecode.swift; path = MemberProtocol.swift; sourceTree = "<group>"; };
		12D75CCE225463B2004D1AC4 /* Message.swift */ = {isa = PBXFileReference; fileEncoding = 4; lastKnownFileType = sourcecode.swift; path = Message.swift; sourceTree = "<group>"; };
		12D75CF42254A6FC004D1AC4 /* InboxViewController.swift */ = {isa = PBXFileReference; fileEncoding = 4; lastKnownFileType = sourcecode.swift; path = InboxViewController.swift; sourceTree = "<group>"; };
		12D75CF52254A6FC004D1AC4 /* InboxViewCell.xib */ = {isa = PBXFileReference; fileEncoding = 4; lastKnownFileType = file.xib; path = InboxViewCell.xib; sourceTree = "<group>"; };
		12D75CF62254A6FC004D1AC4 /* InboxViewCell.swift */ = {isa = PBXFileReference; fileEncoding = 4; lastKnownFileType = sourcecode.swift; path = InboxViewCell.swift; sourceTree = "<group>"; };
		12D75CF82254A6FD004D1AC4 /* MessageViewCell.swift */ = {isa = PBXFileReference; fileEncoding = 4; lastKnownFileType = sourcecode.swift; path = MessageViewCell.swift; sourceTree = "<group>"; };
		12D75CF92254A6FD004D1AC4 /* MessageViewRightCell.xib */ = {isa = PBXFileReference; fileEncoding = 4; lastKnownFileType = file.xib; path = MessageViewRightCell.xib; sourceTree = "<group>"; };
		12D75CFA2254A6FD004D1AC4 /* MessageViewRightCell.swift */ = {isa = PBXFileReference; fileEncoding = 4; lastKnownFileType = sourcecode.swift; path = MessageViewRightCell.swift; sourceTree = "<group>"; };
		12D75CFC2254A6FD004D1AC4 /* MessagesViewFlowLayout.swift */ = {isa = PBXFileReference; fileEncoding = 4; lastKnownFileType = sourcecode.swift; path = MessagesViewFlowLayout.swift; sourceTree = "<group>"; };
		12D75CFD2254A6FD004D1AC4 /* MessagesViewController.swift */ = {isa = PBXFileReference; fileEncoding = 4; lastKnownFileType = sourcecode.swift; path = MessagesViewController.swift; sourceTree = "<group>"; };
		12D75CFE2254A6FD004D1AC4 /* MessagesView.swift */ = {isa = PBXFileReference; fileEncoding = 4; lastKnownFileType = sourcecode.swift; path = MessagesView.swift; sourceTree = "<group>"; };
		12D75CFF2254A6FD004D1AC4 /* MessageViewLeftCell.swift */ = {isa = PBXFileReference; fileEncoding = 4; lastKnownFileType = sourcecode.swift; path = MessageViewLeftCell.swift; sourceTree = "<group>"; };
		12D75D002254A6FD004D1AC4 /* MessageViewLeftCell.xib */ = {isa = PBXFileReference; fileEncoding = 4; lastKnownFileType = file.xib; path = MessageViewLeftCell.xib; sourceTree = "<group>"; };
		12D8F2762359980D0053C3C9 /* TopicsViewController.swift */ = {isa = PBXFileReference; lastKnownFileType = sourcecode.swift; path = TopicsViewController.swift; sourceTree = "<group>"; };
		12D8F27823599BC20053C3C9 /* PostsViewController.swift */ = {isa = PBXFileReference; lastKnownFileType = sourcecode.swift; path = PostsViewController.swift; sourceTree = "<group>"; };
		12D8F27B23599BD20053C3C9 /* Forum.swift */ = {isa = PBXFileReference; lastKnownFileType = sourcecode.swift; path = Forum.swift; sourceTree = "<group>"; };
		12D8F27E2359A6CC0053C3C9 /* TopicViewCell.swift */ = {isa = PBXFileReference; lastKnownFileType = sourcecode.swift; path = TopicViewCell.swift; sourceTree = "<group>"; };
		12D8F27F2359A6CC0053C3C9 /* TopicViewCell.xib */ = {isa = PBXFileReference; lastKnownFileType = file.xib; path = TopicViewCell.xib; sourceTree = "<group>"; };
		12D8F2892359C3E20053C3C9 /* ForumViewController.swift */ = {isa = PBXFileReference; lastKnownFileType = sourcecode.swift; path = ForumViewController.swift; sourceTree = "<group>"; };
		12D8F28B2359CC390053C3C9 /* PostViewController.swift */ = {isa = PBXFileReference; lastKnownFileType = sourcecode.swift; path = PostViewController.swift; sourceTree = "<group>"; };
		12D8F28D2359CCAC0053C3C9 /* AddTopicViewController.swift */ = {isa = PBXFileReference; lastKnownFileType = sourcecode.swift; path = AddTopicViewController.swift; sourceTree = "<group>"; };
		12D8F28F2359CD1B0053C3C9 /* AddTopicViewController.storyboard */ = {isa = PBXFileReference; lastKnownFileType = file.storyboard; path = AddTopicViewController.storyboard; sourceTree = "<group>"; };
		12D8F2912359ED0E0053C3C9 /* Subscription.swift */ = {isa = PBXFileReference; lastKnownFileType = sourcecode.swift; path = Subscription.swift; sourceTree = "<group>"; };
		12E25ADD2255BEED0046CB1C /* Sample.app */ = {isa = PBXFileReference; explicitFileType = wrapper.application; includeInIndex = 0; path = Sample.app; sourceTree = BUILT_PRODUCTS_DIR; };
		12E25AE62255BEED0046CB1C /* Assets.xcassets */ = {isa = PBXFileReference; lastKnownFileType = folder.assetcatalog; path = Assets.xcassets; sourceTree = "<group>"; };
		12E25AE92255BEED0046CB1C /* Base */ = {isa = PBXFileReference; lastKnownFileType = file.storyboard; name = Base; path = Base.lproj/LaunchScreen.storyboard; sourceTree = "<group>"; };
		12E25AEB2255BEED0046CB1C /* Info.plist */ = {isa = PBXFileReference; lastKnownFileType = text.plist.xml; path = Info.plist; sourceTree = "<group>"; };
		12E25AF02255BF060046CB1C /* HeaderCell.xib */ = {isa = PBXFileReference; fileEncoding = 4; lastKnownFileType = file.xib; path = HeaderCell.xib; sourceTree = "<group>"; };
		12E25AF12255BF060046CB1C /* Room.swift */ = {isa = PBXFileReference; fileEncoding = 4; lastKnownFileType = sourcecode.swift; path = Room.swift; sourceTree = "<group>"; };
		12E25AF22255BF060046CB1C /* HeaderCell.swift */ = {isa = PBXFileReference; fileEncoding = 4; lastKnownFileType = sourcecode.swift; path = HeaderCell.swift; sourceTree = "<group>"; };
		12E25AF32255BF060046CB1C /* BoxViewController.swift */ = {isa = PBXFileReference; fileEncoding = 4; lastKnownFileType = sourcecode.swift; path = BoxViewController.swift; sourceTree = "<group>"; };
		12E25AF42255BF070046CB1C /* User.swift */ = {isa = PBXFileReference; fileEncoding = 4; lastKnownFileType = sourcecode.swift; path = User.swift; sourceTree = "<group>"; };
		12E25AF52255BF070046CB1C /* GoogleService-Info.plist */ = {isa = PBXFileReference; fileEncoding = 4; lastKnownFileType = text.plist.xml; path = "GoogleService-Info.plist"; sourceTree = "<group>"; };
		12E25AF72255BF070046CB1C /* Transcript.swift */ = {isa = PBXFileReference; fileEncoding = 4; lastKnownFileType = sourcecode.swift; path = Transcript.swift; sourceTree = "<group>"; };
		12E25AF82255BF070046CB1C /* MessageViewController.swift */ = {isa = PBXFileReference; fileEncoding = 4; lastKnownFileType = sourcecode.swift; path = MessageViewController.swift; sourceTree = "<group>"; };
		12E25B142255CAB30046CB1C /* ViewController.storyboard */ = {isa = PBXFileReference; fileEncoding = 4; lastKnownFileType = file.storyboard; path = ViewController.storyboard; sourceTree = "<group>"; };
		12E25B152255CAB30046CB1C /* ViewController.swift */ = {isa = PBXFileReference; fileEncoding = 4; lastKnownFileType = sourcecode.swift; path = ViewController.swift; sourceTree = "<group>"; };
		5813450E231EDFC256E5E2ED /* Pods-Messagestore.debug.xcconfig */ = {isa = PBXFileReference; includeInIndex = 1; lastKnownFileType = text.xcconfig; name = "Pods-Messagestore.debug.xcconfig"; path = "Target Support Files/Pods-Messagestore/Pods-Messagestore.debug.xcconfig"; sourceTree = "<group>"; };
		62D5187A18672521346A180E /* Pods_Messagestore.framework */ = {isa = PBXFileReference; explicitFileType = wrapper.framework; includeInIndex = 0; path = Pods_Messagestore.framework; sourceTree = BUILT_PRODUCTS_DIR; };
		6E773DFEFED15D0649FDAF2B /* Pods-MessagestoreTests.debug.xcconfig */ = {isa = PBXFileReference; includeInIndex = 1; lastKnownFileType = text.xcconfig; name = "Pods-MessagestoreTests.debug.xcconfig"; path = "Target Support Files/Pods-MessagestoreTests/Pods-MessagestoreTests.debug.xcconfig"; sourceTree = "<group>"; };
		72A96EC4B389680BAF1E1627 /* Pods-Sample.debug.xcconfig */ = {isa = PBXFileReference; includeInIndex = 1; lastKnownFileType = text.xcconfig; name = "Pods-Sample.debug.xcconfig"; path = "Target Support Files/Pods-Sample/Pods-Sample.debug.xcconfig"; sourceTree = "<group>"; };
		7F008E8FB23CF5A872F079BA /* Pods-Sample.release.xcconfig */ = {isa = PBXFileReference; includeInIndex = 1; lastKnownFileType = text.xcconfig; name = "Pods-Sample.release.xcconfig"; path = "Target Support Files/Pods-Sample/Pods-Sample.release.xcconfig"; sourceTree = "<group>"; };
		8EB01D4510CA0216D983B848 /* Pods-MessagestoreTests.release.xcconfig */ = {isa = PBXFileReference; includeInIndex = 1; lastKnownFileType = text.xcconfig; name = "Pods-MessagestoreTests.release.xcconfig"; path = "Target Support Files/Pods-MessagestoreTests/Pods-MessagestoreTests.release.xcconfig"; sourceTree = "<group>"; };
		D21C7354EDA654E560AFFBB4 /* Pods_Sample.framework */ = {isa = PBXFileReference; explicitFileType = wrapper.framework; includeInIndex = 0; path = Pods_Sample.framework; sourceTree = BUILT_PRODUCTS_DIR; };
		EF4CB4771E8021275EA61D90 /* Pods-Messagestore.release.xcconfig */ = {isa = PBXFileReference; includeInIndex = 1; lastKnownFileType = text.xcconfig; name = "Pods-Messagestore.release.xcconfig"; path = "Target Support Files/Pods-Messagestore/Pods-Messagestore.release.xcconfig"; sourceTree = "<group>"; };
		FA9B2C35D94D7A8D0AD606E1 /* Pods_MessagestoreTests.framework */ = {isa = PBXFileReference; explicitFileType = wrapper.framework; includeInIndex = 0; path = Pods_MessagestoreTests.framework; sourceTree = BUILT_PRODUCTS_DIR; };
/* End PBXFileReference section */

/* Begin PBXFrameworksBuildPhase section */
		12D75CAE22546247004D1AC4 /* Frameworks */ = {
			isa = PBXFrameworksBuildPhase;
			buildActionMask = 2147483647;
			files = (
				C4EBD91632EDDDFF396DD4D2 /* Pods_Messagestore.framework in Frameworks */,
			);
			runOnlyForDeploymentPostprocessing = 0;
		};
		12D75CB722546248004D1AC4 /* Frameworks */ = {
			isa = PBXFrameworksBuildPhase;
			buildActionMask = 2147483647;
			files = (
				12D75CBB22546248004D1AC4 /* Messagestore.framework in Frameworks */,
				6A84F4B1D42B4AA7C7CF7E07 /* Pods_MessagestoreTests.framework in Frameworks */,
			);
			runOnlyForDeploymentPostprocessing = 0;
		};
		12E25ADA2255BEED0046CB1C /* Frameworks */ = {
			isa = PBXFrameworksBuildPhase;
			buildActionMask = 2147483647;
			files = (
				C806D49A37B92CC3F5279F7A /* Pods_Sample.framework in Frameworks */,
			);
			runOnlyForDeploymentPostprocessing = 0;
		};
/* End PBXFrameworksBuildPhase section */

/* Begin PBXGroup section */
		01F5EEE05BD8258283BE94E3 /* Pods */ = {
			isa = PBXGroup;
			children = (
				5813450E231EDFC256E5E2ED /* Pods-Messagestore.debug.xcconfig */,
				EF4CB4771E8021275EA61D90 /* Pods-Messagestore.release.xcconfig */,
				6E773DFEFED15D0649FDAF2B /* Pods-MessagestoreTests.debug.xcconfig */,
				8EB01D4510CA0216D983B848 /* Pods-MessagestoreTests.release.xcconfig */,
				72A96EC4B389680BAF1E1627 /* Pods-Sample.debug.xcconfig */,
				7F008E8FB23CF5A872F079BA /* Pods-Sample.release.xcconfig */,
			);
			path = Pods;
			sourceTree = "<group>";
		};
		12D75CA722546247004D1AC4 = {
			isa = PBXGroup;
			children = (
				12D75CB322546247004D1AC4 /* Messagestore */,
				12D75CBE22546248004D1AC4 /* MessagestoreTests */,
				12E25ADE2255BEED0046CB1C /* Sample */,
				12D75CB222546247004D1AC4 /* Products */,
				01F5EEE05BD8258283BE94E3 /* Pods */,
				2099681C56AE15C97284F084 /* Frameworks */,
			);
			sourceTree = "<group>";
		};
		12D75CB222546247004D1AC4 /* Products */ = {
			isa = PBXGroup;
			children = (
				12D75CB122546247004D1AC4 /* Messagestore.framework */,
				12D75CBA22546248004D1AC4 /* MessagestoreTests.xctest */,
				12E25ADD2255BEED0046CB1C /* Sample.app */,
			);
			name = Products;
			sourceTree = "<group>";
		};
		12D75CB322546247004D1AC4 /* Messagestore */ = {
			isa = PBXGroup;
			children = (
				12D75CB422546247004D1AC4 /* Messagestore.h */,
				12D75CCE225463B2004D1AC4 /* Message.swift */,
				12D75CCB225463AA004D1AC4 /* RoomProtocol.swift */,
				12D75CCC225463AC004D1AC4 /* TranscriptProtocol.swift */,
				12D75CCD225463AF004D1AC4 /* MemberProtocol.swift */,
				12D8F2912359ED0E0053C3C9 /* Subscription.swift */,
				12D8F27A23599BC70053C3C9 /* Forum */,
				12D75CF32254A6FC004D1AC4 /* Inbox */,
				12D75CF72254A6FD004D1AC4 /* Messages */,
				12D75CB522546247004D1AC4 /* Info.plist */,
			);
			path = Messagestore;
			sourceTree = "<group>";
		};
		12D75CBE22546248004D1AC4 /* MessagestoreTests */ = {
			isa = PBXGroup;
			children = (
				12D75CBF22546248004D1AC4 /* MessagestoreTests.swift */,
				12D75CC122546248004D1AC4 /* Info.plist */,
			);
			path = MessagestoreTests;
			sourceTree = "<group>";
		};
		12D75CF32254A6FC004D1AC4 /* Inbox */ = {
			isa = PBXGroup;
			children = (
				12D75CF42254A6FC004D1AC4 /* InboxViewController.swift */,
				12D75CF52254A6FC004D1AC4 /* InboxViewCell.xib */,
				12D75CF62254A6FC004D1AC4 /* InboxViewCell.swift */,
			);
			path = Inbox;
			sourceTree = "<group>";
		};
		12D75CF72254A6FD004D1AC4 /* Messages */ = {
			isa = PBXGroup;
			children = (
				12D75CF82254A6FD004D1AC4 /* MessageViewCell.swift */,
				12D75CF92254A6FD004D1AC4 /* MessageViewRightCell.xib */,
				12D75CFA2254A6FD004D1AC4 /* MessageViewRightCell.swift */,
				12D75CFC2254A6FD004D1AC4 /* MessagesViewFlowLayout.swift */,
				12D75CFD2254A6FD004D1AC4 /* MessagesViewController.swift */,
				12D75CFE2254A6FD004D1AC4 /* MessagesView.swift */,
				12D75CFF2254A6FD004D1AC4 /* MessageViewLeftCell.swift */,
				12D75D002254A6FD004D1AC4 /* MessageViewLeftCell.xib */,
			);
			path = Messages;
			sourceTree = "<group>";
		};
		12D8F27A23599BC70053C3C9 /* Forum */ = {
			isa = PBXGroup;
			children = (
				12D8F27B23599BD20053C3C9 /* Forum.swift */,
				12D8F27D2359A6890053C3C9 /* Topics */,
				12D8F2822359BA290053C3C9 /* Posts */,
			);
			path = Forum;
			sourceTree = "<group>";
		};
		12D8F27D2359A6890053C3C9 /* Topics */ = {
			isa = PBXGroup;
			children = (
				12D8F2762359980D0053C3C9 /* TopicsViewController.swift */,
				12D8F27E2359A6CC0053C3C9 /* TopicViewCell.swift */,
				12D8F27F2359A6CC0053C3C9 /* TopicViewCell.xib */,
			);
			path = Topics;
			sourceTree = "<group>";
		};
		12D8F2822359BA290053C3C9 /* Posts */ = {
			isa = PBXGroup;
			children = (
				12D8F27823599BC20053C3C9 /* PostsViewController.swift */,
			);
			path = Posts;
			sourceTree = "<group>";
		};
		12E25ADE2255BEED0046CB1C /* Sample */ = {
			isa = PBXGroup;
			children = (
				1215F31022F174BD0075B47A /* AppDelegate.swift */,
				12E25AF32255BF060046CB1C /* BoxViewController.swift */,
				12E25AF52255BF070046CB1C /* GoogleService-Info.plist */,
				12E25AF22255BF060046CB1C /* HeaderCell.swift */,
				12E25AF02255BF060046CB1C /* HeaderCell.xib */,
				12E25AF82255BF070046CB1C /* MessageViewController.swift */,
				12D8F2892359C3E20053C3C9 /* ForumViewController.swift */,
				12D8F28D2359CCAC0053C3C9 /* AddTopicViewController.swift */,
				12D8F28F2359CD1B0053C3C9 /* AddTopicViewController.storyboard */,
				12D8F28B2359CC390053C3C9 /* PostViewController.swift */,
				12E25AF12255BF060046CB1C /* Room.swift */,
				12E25AF72255BF070046CB1C /* Transcript.swift */,
				12E25AF42255BF070046CB1C /* User.swift */,
				12E25B142255CAB30046CB1C /* ViewController.storyboard */,
				12E25B152255CAB30046CB1C /* ViewController.swift */,
				12E25AE62255BEED0046CB1C /* Assets.xcassets */,
				12E25AE82255BEED0046CB1C /* LaunchScreen.storyboard */,
				12E25AEB2255BEED0046CB1C /* Info.plist */,
			);
			path = Sample;
			sourceTree = "<group>";
		};
		2099681C56AE15C97284F084 /* Frameworks */ = {
			isa = PBXGroup;
			children = (
				62D5187A18672521346A180E /* Pods_Messagestore.framework */,
				FA9B2C35D94D7A8D0AD606E1 /* Pods_MessagestoreTests.framework */,
				D21C7354EDA654E560AFFBB4 /* Pods_Sample.framework */,
			);
			name = Frameworks;
			sourceTree = "<group>";
		};
/* End PBXGroup section */

/* Begin PBXHeadersBuildPhase section */
		12D75CAC22546247004D1AC4 /* Headers */ = {
			isa = PBXHeadersBuildPhase;
			buildActionMask = 2147483647;
			files = (
				12D75CC222546248004D1AC4 /* Messagestore.h in Headers */,
			);
			runOnlyForDeploymentPostprocessing = 0;
		};
/* End PBXHeadersBuildPhase section */

/* Begin PBXNativeTarget section */
		12D75CB022546247004D1AC4 /* Messagestore */ = {
			isa = PBXNativeTarget;
			buildConfigurationList = 12D75CC522546248004D1AC4 /* Build configuration list for PBXNativeTarget "Messagestore" */;
			buildPhases = (
				9D37E81B5B592094209F8B69 /* [CP] Check Pods Manifest.lock */,
				12D75CAC22546247004D1AC4 /* Headers */,
				12D75CAD22546247004D1AC4 /* Sources */,
				12D75CAE22546247004D1AC4 /* Frameworks */,
				12D75CAF22546247004D1AC4 /* Resources */,
			);
			buildRules = (
			);
			dependencies = (
			);
			name = Messagestore;
			productName = Messagestore;
			productReference = 12D75CB122546247004D1AC4 /* Messagestore.framework */;
			productType = "com.apple.product-type.framework";
		};
		12D75CB922546248004D1AC4 /* MessagestoreTests */ = {
			isa = PBXNativeTarget;
			buildConfigurationList = 12D75CC822546248004D1AC4 /* Build configuration list for PBXNativeTarget "MessagestoreTests" */;
			buildPhases = (
				4C32DAB82665AA86669CA2FA /* [CP] Check Pods Manifest.lock */,
				12D75CB622546248004D1AC4 /* Sources */,
				12D75CB722546248004D1AC4 /* Frameworks */,
				12D75CB822546248004D1AC4 /* Resources */,
			);
			buildRules = (
			);
			dependencies = (
				12D75CBD22546248004D1AC4 /* PBXTargetDependency */,
			);
			name = MessagestoreTests;
			productName = MessagestoreTests;
			productReference = 12D75CBA22546248004D1AC4 /* MessagestoreTests.xctest */;
			productType = "com.apple.product-type.bundle.unit-test";
		};
		12E25ADC2255BEED0046CB1C /* Sample */ = {
			isa = PBXNativeTarget;
			buildConfigurationList = 12E25AEE2255BEED0046CB1C /* Build configuration list for PBXNativeTarget "Sample" */;
			buildPhases = (
				23BAA4641AC9370003E66297 /* [CP] Check Pods Manifest.lock */,
				12E25AD92255BEED0046CB1C /* Sources */,
				12E25ADA2255BEED0046CB1C /* Frameworks */,
				12E25ADB2255BEED0046CB1C /* Resources */,
				0B80C90D2CDA38A922C1BA32 /* [CP] Embed Pods Frameworks */,
			);
			buildRules = (
			);
			dependencies = (
			);
			name = Sample;
			productName = Sample;
			productReference = 12E25ADD2255BEED0046CB1C /* Sample.app */;
			productType = "com.apple.product-type.application";
		};
/* End PBXNativeTarget section */

/* Begin PBXProject section */
		12D75CA822546247004D1AC4 /* Project object */ = {
			isa = PBXProject;
			attributes = {
				LastSwiftUpdateCheck = 1020;
				LastUpgradeCheck = 1020;
				ORGANIZATIONNAME = "Stamp Inc";
				TargetAttributes = {
					12D75CB022546247004D1AC4 = {
						CreatedOnToolsVersion = 10.2;
						LastSwiftMigration = 1020;
					};
					12D75CB922546248004D1AC4 = {
						CreatedOnToolsVersion = 10.2;
					};
					12E25ADC2255BEED0046CB1C = {
						CreatedOnToolsVersion = 10.2;
					};
				};
			};
			buildConfigurationList = 12D75CAB22546247004D1AC4 /* Build configuration list for PBXProject "Messagestore" */;
			compatibilityVersion = "Xcode 9.3";
			developmentRegion = en;
			hasScannedForEncodings = 0;
			knownRegions = (
				en,
				Base,
			);
			mainGroup = 12D75CA722546247004D1AC4;
			productRefGroup = 12D75CB222546247004D1AC4 /* Products */;
			projectDirPath = "";
			projectRoot = "";
			targets = (
				12D75CB022546247004D1AC4 /* Messagestore */,
				12D75CB922546248004D1AC4 /* MessagestoreTests */,
				12E25ADC2255BEED0046CB1C /* Sample */,
			);
		};
/* End PBXProject section */

/* Begin PBXResourcesBuildPhase section */
		12D75CAF22546247004D1AC4 /* Resources */ = {
			isa = PBXResourcesBuildPhase;
			buildActionMask = 2147483647;
			files = (
				12D8F2812359A6CC0053C3C9 /* TopicViewCell.xib in Resources */,
				12D75D032254A6FD004D1AC4 /* InboxViewCell.xib in Resources */,
				12D75D062254A6FD004D1AC4 /* MessageViewRightCell.xib in Resources */,
				12D75D0D2254A6FD004D1AC4 /* MessageViewLeftCell.xib in Resources */,
			);
			runOnlyForDeploymentPostprocessing = 0;
		};
		12D75CB822546248004D1AC4 /* Resources */ = {
			isa = PBXResourcesBuildPhase;
			buildActionMask = 2147483647;
			files = (
			);
			runOnlyForDeploymentPostprocessing = 0;
		};
		12E25ADB2255BEED0046CB1C /* Resources */ = {
			isa = PBXResourcesBuildPhase;
			buildActionMask = 2147483647;
			files = (
				12D8F2872359BF2C0053C3C9 /* TopicViewCell.xib in Resources */,
				12E25AFA2255BF070046CB1C /* HeaderCell.xib in Resources */,
				12E25AEA2255BEED0046CB1C /* LaunchScreen.storyboard in Resources */,
				12D8F2902359CD1B0053C3C9 /* AddTopicViewController.storyboard in Resources */,
				12E25AE72255BEED0046CB1C /* Assets.xcassets in Resources */,
				12E25B122255C1E70046CB1C /* MessageViewLeftCell.xib in Resources */,
				12E25B0B2255C1E70046CB1C /* MessageViewRightCell.xib in Resources */,
				12E25AFF2255BF070046CB1C /* GoogleService-Info.plist in Resources */,
				12E25B082255C1E40046CB1C /* InboxViewCell.xib in Resources */,
				12E25B162255CAB30046CB1C /* ViewController.storyboard in Resources */,
			);
			runOnlyForDeploymentPostprocessing = 0;
		};
/* End PBXResourcesBuildPhase section */

/* Begin PBXShellScriptBuildPhase section */
		0B80C90D2CDA38A922C1BA32 /* [CP] Embed Pods Frameworks */ = {
			isa = PBXShellScriptBuildPhase;
			buildActionMask = 2147483647;
			files = (
			);
			inputFileListPaths = (
				"${PODS_ROOT}/Target Support Files/Pods-Sample/Pods-Sample-frameworks-${CONFIGURATION}-input-files.xcfilelist",
			);
			name = "[CP] Embed Pods Frameworks";
			outputFileListPaths = (
				"${PODS_ROOT}/Target Support Files/Pods-Sample/Pods-Sample-frameworks-${CONFIGURATION}-output-files.xcfilelist",
			);
			runOnlyForDeploymentPostprocessing = 0;
			shellPath = /bin/sh;
			shellScript = "\"${PODS_ROOT}/Target Support Files/Pods-Sample/Pods-Sample-frameworks.sh\"\n";
			showEnvVarsInLog = 0;
		};
		23BAA4641AC9370003E66297 /* [CP] Check Pods Manifest.lock */ = {
			isa = PBXShellScriptBuildPhase;
			buildActionMask = 2147483647;
			files = (
			);
			inputFileListPaths = (
			);
			inputPaths = (
				"${PODS_PODFILE_DIR_PATH}/Podfile.lock",
				"${PODS_ROOT}/Manifest.lock",
			);
			name = "[CP] Check Pods Manifest.lock";
			outputFileListPaths = (
			);
			outputPaths = (
				"$(DERIVED_FILE_DIR)/Pods-Sample-checkManifestLockResult.txt",
			);
			runOnlyForDeploymentPostprocessing = 0;
			shellPath = /bin/sh;
			shellScript = "diff \"${PODS_PODFILE_DIR_PATH}/Podfile.lock\" \"${PODS_ROOT}/Manifest.lock\" > /dev/null\nif [ $? != 0 ] ; then\n    # print error to STDERR\n    echo \"error: The sandbox is not in sync with the Podfile.lock. Run 'pod install' or update your CocoaPods installation.\" >&2\n    exit 1\nfi\n# This output is used by Xcode 'outputs' to avoid re-running this script phase.\necho \"SUCCESS\" > \"${SCRIPT_OUTPUT_FILE_0}\"\n";
			showEnvVarsInLog = 0;
		};
		4C32DAB82665AA86669CA2FA /* [CP] Check Pods Manifest.lock */ = {
			isa = PBXShellScriptBuildPhase;
			buildActionMask = 2147483647;
			files = (
			);
			inputFileListPaths = (
			);
			inputPaths = (
				"${PODS_PODFILE_DIR_PATH}/Podfile.lock",
				"${PODS_ROOT}/Manifest.lock",
			);
			name = "[CP] Check Pods Manifest.lock";
			outputFileListPaths = (
			);
			outputPaths = (
				"$(DERIVED_FILE_DIR)/Pods-MessagestoreTests-checkManifestLockResult.txt",
			);
			runOnlyForDeploymentPostprocessing = 0;
			shellPath = /bin/sh;
			shellScript = "diff \"${PODS_PODFILE_DIR_PATH}/Podfile.lock\" \"${PODS_ROOT}/Manifest.lock\" > /dev/null\nif [ $? != 0 ] ; then\n    # print error to STDERR\n    echo \"error: The sandbox is not in sync with the Podfile.lock. Run 'pod install' or update your CocoaPods installation.\" >&2\n    exit 1\nfi\n# This output is used by Xcode 'outputs' to avoid re-running this script phase.\necho \"SUCCESS\" > \"${SCRIPT_OUTPUT_FILE_0}\"\n";
			showEnvVarsInLog = 0;
		};
		9D37E81B5B592094209F8B69 /* [CP] Check Pods Manifest.lock */ = {
			isa = PBXShellScriptBuildPhase;
			buildActionMask = 2147483647;
			files = (
			);
			inputFileListPaths = (
			);
			inputPaths = (
				"${PODS_PODFILE_DIR_PATH}/Podfile.lock",
				"${PODS_ROOT}/Manifest.lock",
			);
			name = "[CP] Check Pods Manifest.lock";
			outputFileListPaths = (
			);
			outputPaths = (
				"$(DERIVED_FILE_DIR)/Pods-Messagestore-checkManifestLockResult.txt",
			);
			runOnlyForDeploymentPostprocessing = 0;
			shellPath = /bin/sh;
			shellScript = "diff \"${PODS_PODFILE_DIR_PATH}/Podfile.lock\" \"${PODS_ROOT}/Manifest.lock\" > /dev/null\nif [ $? != 0 ] ; then\n    # print error to STDERR\n    echo \"error: The sandbox is not in sync with the Podfile.lock. Run 'pod install' or update your CocoaPods installation.\" >&2\n    exit 1\nfi\n# This output is used by Xcode 'outputs' to avoid re-running this script phase.\necho \"SUCCESS\" > \"${SCRIPT_OUTPUT_FILE_0}\"\n";
			showEnvVarsInLog = 0;
		};
/* End PBXShellScriptBuildPhase section */

/* Begin PBXSourcesBuildPhase section */
		12D75CAD22546247004D1AC4 /* Sources */ = {
			isa = PBXSourcesBuildPhase;
			buildActionMask = 2147483647;
			files = (
				12D75D0A2254A6FD004D1AC4 /* MessagesViewController.swift in Sources */,
				12D8F2922359ED0E0053C3C9 /* Subscription.swift in Sources */,
				12D75D022254A6FD004D1AC4 /* InboxViewController.swift in Sources */,
				12D75CD2225463B3004D1AC4 /* Message.swift in Sources */,
				12D75D092254A6FD004D1AC4 /* MessagesViewFlowLayout.swift in Sources */,
				12D75CCF225463B3004D1AC4 /* RoomProtocol.swift in Sources */,
				12D8F2772359980D0053C3C9 /* TopicsViewController.swift in Sources */,
				12D75D072254A6FD004D1AC4 /* MessageViewRightCell.swift in Sources */,
				12D75CD0225463B3004D1AC4 /* TranscriptProtocol.swift in Sources */,
				12D8F2802359A6CC0053C3C9 /* TopicViewCell.swift in Sources */,
				12D8F27923599BC20053C3C9 /* PostsViewController.swift in Sources */,
				12D75D0C2254A6FD004D1AC4 /* MessageViewLeftCell.swift in Sources */,
				12D8F27C23599BD20053C3C9 /* Forum.swift in Sources */,
				12D75D0B2254A6FD004D1AC4 /* MessagesView.swift in Sources */,
				12D75CD1225463B3004D1AC4 /* MemberProtocol.swift in Sources */,
				12D75D042254A6FD004D1AC4 /* InboxViewCell.swift in Sources */,
				12D75D052254A6FD004D1AC4 /* MessageViewCell.swift in Sources */,
			);
			runOnlyForDeploymentPostprocessing = 0;
		};
		12D75CB622546248004D1AC4 /* Sources */ = {
			isa = PBXSourcesBuildPhase;
			buildActionMask = 2147483647;
			files = (
				12D75CC022546248004D1AC4 /* MessagestoreTests.swift in Sources */,
			);
			runOnlyForDeploymentPostprocessing = 0;
		};
		12E25AD92255BEED0046CB1C /* Sources */ = {
			isa = PBXSourcesBuildPhase;
			buildActionMask = 2147483647;
			files = (
				12E25AFD2255BF070046CB1C /* BoxViewController.swift in Sources */,
				12E25B022255BF070046CB1C /* MessageViewController.swift in Sources */,
				12D8F2842359BF270053C3C9 /* Forum.swift in Sources */,
				12E25B062255C1E10046CB1C /* MemberProtocol.swift in Sources */,
				12D8F2862359BF2C0053C3C9 /* TopicViewCell.swift in Sources */,
				12D8F2852359BF2C0053C3C9 /* TopicsViewController.swift in Sources */,
				12E25B112255C1E70046CB1C /* MessageViewLeftCell.swift in Sources */,
				12E25B102255C1E70046CB1C /* MessagesView.swift in Sources */,
				12E25B0C2255C1E70046CB1C /* MessageViewRightCell.swift in Sources */,
				12E25AFC2255BF070046CB1C /* HeaderCell.swift in Sources */,
				12E25B052255C1E10046CB1C /* TranscriptProtocol.swift in Sources */,
				12E25B032255C1E10046CB1C /* Message.swift in Sources */,
				12D8F28A2359C3E20053C3C9 /* ForumViewController.swift in Sources */,
				12D8F2882359BF2F0053C3C9 /* PostsViewController.swift in Sources */,
				12E25AFE2255BF070046CB1C /* User.swift in Sources */,
				12D8F2932359ED110053C3C9 /* Subscription.swift in Sources */,
				12E25B072255C1E40046CB1C /* InboxViewController.swift in Sources */,
				12D8F28C2359CC390053C3C9 /* PostViewController.swift in Sources */,
				12E25B092255C1E40046CB1C /* InboxViewCell.swift in Sources */,
				12E25B042255C1E10046CB1C /* RoomProtocol.swift in Sources */,
				12E25B0F2255C1E70046CB1C /* MessagesViewController.swift in Sources */,
				12D8F28E2359CCAC0053C3C9 /* AddTopicViewController.swift in Sources */,
				12E25B0A2255C1E70046CB1C /* MessageViewCell.swift in Sources */,
				12E25B0E2255C1E70046CB1C /* MessagesViewFlowLayout.swift in Sources */,
				12E25B172255CAB30046CB1C /* ViewController.swift in Sources */,
				1215F31122F174BD0075B47A /* AppDelegate.swift in Sources */,
				12E25B012255BF070046CB1C /* Transcript.swift in Sources */,
				12E25AFB2255BF070046CB1C /* Room.swift in Sources */,
			);
			runOnlyForDeploymentPostprocessing = 0;
		};
/* End PBXSourcesBuildPhase section */

/* Begin PBXTargetDependency section */
		12D75CBD22546248004D1AC4 /* PBXTargetDependency */ = {
			isa = PBXTargetDependency;
			target = 12D75CB022546247004D1AC4 /* Messagestore */;
			targetProxy = 12D75CBC22546248004D1AC4 /* PBXContainerItemProxy */;
		};
/* End PBXTargetDependency section */

/* Begin PBXVariantGroup section */
		12E25AE82255BEED0046CB1C /* LaunchScreen.storyboard */ = {
			isa = PBXVariantGroup;
			children = (
				12E25AE92255BEED0046CB1C /* Base */,
			);
			name = LaunchScreen.storyboard;
			sourceTree = "<group>";
		};
/* End PBXVariantGroup section */

/* Begin XCBuildConfiguration section */
		12D75CC322546248004D1AC4 /* Debug */ = {
			isa = XCBuildConfiguration;
			buildSettings = {
				ALWAYS_SEARCH_USER_PATHS = NO;
				CLANG_ANALYZER_NONNULL = YES;
				CLANG_ANALYZER_NUMBER_OBJECT_CONVERSION = YES_AGGRESSIVE;
				CLANG_CXX_LANGUAGE_STANDARD = "gnu++14";
				CLANG_CXX_LIBRARY = "libc++";
				CLANG_ENABLE_MODULES = YES;
				CLANG_ENABLE_OBJC_ARC = YES;
				CLANG_ENABLE_OBJC_WEAK = YES;
				CLANG_WARN_BLOCK_CAPTURE_AUTORELEASING = YES;
				CLANG_WARN_BOOL_CONVERSION = YES;
				CLANG_WARN_COMMA = YES;
				CLANG_WARN_CONSTANT_CONVERSION = YES;
				CLANG_WARN_DEPRECATED_OBJC_IMPLEMENTATIONS = YES;
				CLANG_WARN_DIRECT_OBJC_ISA_USAGE = YES_ERROR;
				CLANG_WARN_DOCUMENTATION_COMMENTS = YES;
				CLANG_WARN_EMPTY_BODY = YES;
				CLANG_WARN_ENUM_CONVERSION = YES;
				CLANG_WARN_INFINITE_RECURSION = YES;
				CLANG_WARN_INT_CONVERSION = YES;
				CLANG_WARN_NON_LITERAL_NULL_CONVERSION = YES;
				CLANG_WARN_OBJC_IMPLICIT_RETAIN_SELF = YES;
				CLANG_WARN_OBJC_LITERAL_CONVERSION = YES;
				CLANG_WARN_OBJC_ROOT_CLASS = YES_ERROR;
				CLANG_WARN_RANGE_LOOP_ANALYSIS = YES;
				CLANG_WARN_STRICT_PROTOTYPES = YES;
				CLANG_WARN_SUSPICIOUS_MOVE = YES;
				CLANG_WARN_UNGUARDED_AVAILABILITY = YES_AGGRESSIVE;
				CLANG_WARN_UNREACHABLE_CODE = YES;
				CLANG_WARN__DUPLICATE_METHOD_MATCH = YES;
				CODE_SIGN_IDENTITY = "iPhone Developer";
				COPY_PHASE_STRIP = NO;
				CURRENT_PROJECT_VERSION = 1;
				DEBUG_INFORMATION_FORMAT = dwarf;
				ENABLE_STRICT_OBJC_MSGSEND = YES;
				ENABLE_TESTABILITY = YES;
				GCC_C_LANGUAGE_STANDARD = gnu11;
				GCC_DYNAMIC_NO_PIC = NO;
				GCC_NO_COMMON_BLOCKS = YES;
				GCC_OPTIMIZATION_LEVEL = 0;
				GCC_PREPROCESSOR_DEFINITIONS = (
					"DEBUG=1",
					"$(inherited)",
				);
				GCC_WARN_64_TO_32_BIT_CONVERSION = YES;
				GCC_WARN_ABOUT_RETURN_TYPE = YES_ERROR;
				GCC_WARN_UNDECLARED_SELECTOR = YES;
				GCC_WARN_UNINITIALIZED_AUTOS = YES_AGGRESSIVE;
				GCC_WARN_UNUSED_FUNCTION = YES;
				GCC_WARN_UNUSED_VARIABLE = YES;
				IPHONEOS_DEPLOYMENT_TARGET = 12.2;
				MTL_ENABLE_DEBUG_INFO = INCLUDE_SOURCE;
				MTL_FAST_MATH = YES;
				ONLY_ACTIVE_ARCH = YES;
				SDKROOT = iphoneos;
				SWIFT_ACTIVE_COMPILATION_CONDITIONS = DEBUG;
				SWIFT_OPTIMIZATION_LEVEL = "-Onone";
				VERSIONING_SYSTEM = "apple-generic";
				VERSION_INFO_PREFIX = "";
			};
			name = Debug;
		};
		12D75CC422546248004D1AC4 /* Release */ = {
			isa = XCBuildConfiguration;
			buildSettings = {
				ALWAYS_SEARCH_USER_PATHS = NO;
				CLANG_ANALYZER_NONNULL = YES;
				CLANG_ANALYZER_NUMBER_OBJECT_CONVERSION = YES_AGGRESSIVE;
				CLANG_CXX_LANGUAGE_STANDARD = "gnu++14";
				CLANG_CXX_LIBRARY = "libc++";
				CLANG_ENABLE_MODULES = YES;
				CLANG_ENABLE_OBJC_ARC = YES;
				CLANG_ENABLE_OBJC_WEAK = YES;
				CLANG_WARN_BLOCK_CAPTURE_AUTORELEASING = YES;
				CLANG_WARN_BOOL_CONVERSION = YES;
				CLANG_WARN_COMMA = YES;
				CLANG_WARN_CONSTANT_CONVERSION = YES;
				CLANG_WARN_DEPRECATED_OBJC_IMPLEMENTATIONS = YES;
				CLANG_WARN_DIRECT_OBJC_ISA_USAGE = YES_ERROR;
				CLANG_WARN_DOCUMENTATION_COMMENTS = YES;
				CLANG_WARN_EMPTY_BODY = YES;
				CLANG_WARN_ENUM_CONVERSION = YES;
				CLANG_WARN_INFINITE_RECURSION = YES;
				CLANG_WARN_INT_CONVERSION = YES;
				CLANG_WARN_NON_LITERAL_NULL_CONVERSION = YES;
				CLANG_WARN_OBJC_IMPLICIT_RETAIN_SELF = YES;
				CLANG_WARN_OBJC_LITERAL_CONVERSION = YES;
				CLANG_WARN_OBJC_ROOT_CLASS = YES_ERROR;
				CLANG_WARN_RANGE_LOOP_ANALYSIS = YES;
				CLANG_WARN_STRICT_PROTOTYPES = YES;
				CLANG_WARN_SUSPICIOUS_MOVE = YES;
				CLANG_WARN_UNGUARDED_AVAILABILITY = YES_AGGRESSIVE;
				CLANG_WARN_UNREACHABLE_CODE = YES;
				CLANG_WARN__DUPLICATE_METHOD_MATCH = YES;
				CODE_SIGN_IDENTITY = "iPhone Developer";
				COPY_PHASE_STRIP = NO;
				CURRENT_PROJECT_VERSION = 1;
				DEBUG_INFORMATION_FORMAT = "dwarf-with-dsym";
				ENABLE_NS_ASSERTIONS = NO;
				ENABLE_STRICT_OBJC_MSGSEND = YES;
				GCC_C_LANGUAGE_STANDARD = gnu11;
				GCC_NO_COMMON_BLOCKS = YES;
				GCC_WARN_64_TO_32_BIT_CONVERSION = YES;
				GCC_WARN_ABOUT_RETURN_TYPE = YES_ERROR;
				GCC_WARN_UNDECLARED_SELECTOR = YES;
				GCC_WARN_UNINITIALIZED_AUTOS = YES_AGGRESSIVE;
				GCC_WARN_UNUSED_FUNCTION = YES;
				GCC_WARN_UNUSED_VARIABLE = YES;
				IPHONEOS_DEPLOYMENT_TARGET = 12.2;
				MTL_ENABLE_DEBUG_INFO = NO;
				MTL_FAST_MATH = YES;
				SDKROOT = iphoneos;
				SWIFT_COMPILATION_MODE = wholemodule;
				SWIFT_OPTIMIZATION_LEVEL = "-O";
				VALIDATE_PRODUCT = YES;
				VERSIONING_SYSTEM = "apple-generic";
				VERSION_INFO_PREFIX = "";
			};
			name = Release;
		};
		12D75CC622546248004D1AC4 /* Debug */ = {
			isa = XCBuildConfiguration;
			baseConfigurationReference = 5813450E231EDFC256E5E2ED /* Pods-Messagestore.debug.xcconfig */;
			buildSettings = {
				CLANG_ENABLE_MODULES = YES;
				CODE_SIGN_IDENTITY = "";
				CODE_SIGN_STYLE = Automatic;
				DEFINES_MODULE = YES;
				DEVELOPMENT_TEAM = WWCKBW8CKN;
				DYLIB_COMPATIBILITY_VERSION = 1;
				DYLIB_CURRENT_VERSION = 1;
				DYLIB_INSTALL_NAME_BASE = "@rpath";
				INFOPLIST_FILE = Messagestore/Info.plist;
				INSTALL_PATH = "$(LOCAL_LIBRARY_DIR)/Frameworks";
				LD_RUNPATH_SEARCH_PATHS = (
					"$(inherited)",
					"@executable_path/Frameworks",
					"@loader_path/Frameworks",
				);
				PRODUCT_BUNDLE_IDENTIFIER = team.stamp.Messagestore;
				PRODUCT_NAME = "$(TARGET_NAME:c99extidentifier)";
				SKIP_INSTALL = YES;
				SWIFT_OPTIMIZATION_LEVEL = "-Onone";
				SWIFT_VERSION = 5.0;
				TARGETED_DEVICE_FAMILY = "1,2";
			};
			name = Debug;
		};
		12D75CC722546248004D1AC4 /* Release */ = {
			isa = XCBuildConfiguration;
			baseConfigurationReference = EF4CB4771E8021275EA61D90 /* Pods-Messagestore.release.xcconfig */;
			buildSettings = {
				CLANG_ENABLE_MODULES = YES;
				CODE_SIGN_IDENTITY = "";
				CODE_SIGN_STYLE = Automatic;
				DEFINES_MODULE = YES;
				DEVELOPMENT_TEAM = WWCKBW8CKN;
				DYLIB_COMPATIBILITY_VERSION = 1;
				DYLIB_CURRENT_VERSION = 1;
				DYLIB_INSTALL_NAME_BASE = "@rpath";
				INFOPLIST_FILE = Messagestore/Info.plist;
				INSTALL_PATH = "$(LOCAL_LIBRARY_DIR)/Frameworks";
				LD_RUNPATH_SEARCH_PATHS = (
					"$(inherited)",
					"@executable_path/Frameworks",
					"@loader_path/Frameworks",
				);
				PRODUCT_BUNDLE_IDENTIFIER = team.stamp.Messagestore;
				PRODUCT_NAME = "$(TARGET_NAME:c99extidentifier)";
				SKIP_INSTALL = YES;
				SWIFT_VERSION = 5.0;
				TARGETED_DEVICE_FAMILY = "1,2";
			};
			name = Release;
		};
		12D75CC922546248004D1AC4 /* Debug */ = {
			isa = XCBuildConfiguration;
			baseConfigurationReference = 6E773DFEFED15D0649FDAF2B /* Pods-MessagestoreTests.debug.xcconfig */;
			buildSettings = {
				ALWAYS_EMBED_SWIFT_STANDARD_LIBRARIES = YES;
				CODE_SIGN_STYLE = Automatic;
				DEVELOPMENT_TEAM = WWCKBW8CKN;
				INFOPLIST_FILE = MessagestoreTests/Info.plist;
				LD_RUNPATH_SEARCH_PATHS = (
					"$(inherited)",
					"@executable_path/Frameworks",
					"@loader_path/Frameworks",
				);
				PRODUCT_BUNDLE_IDENTIFIER = team.stamp.MessagestoreTests;
				PRODUCT_NAME = "$(TARGET_NAME)";
				SWIFT_VERSION = 5.0;
				TARGETED_DEVICE_FAMILY = "1,2";
			};
			name = Debug;
		};
		12D75CCA22546248004D1AC4 /* Release */ = {
			isa = XCBuildConfiguration;
			baseConfigurationReference = 8EB01D4510CA0216D983B848 /* Pods-MessagestoreTests.release.xcconfig */;
			buildSettings = {
				ALWAYS_EMBED_SWIFT_STANDARD_LIBRARIES = YES;
				CODE_SIGN_STYLE = Automatic;
				DEVELOPMENT_TEAM = WWCKBW8CKN;
				INFOPLIST_FILE = MessagestoreTests/Info.plist;
				LD_RUNPATH_SEARCH_PATHS = (
					"$(inherited)",
					"@executable_path/Frameworks",
					"@loader_path/Frameworks",
				);
				PRODUCT_BUNDLE_IDENTIFIER = team.stamp.MessagestoreTests;
				PRODUCT_NAME = "$(TARGET_NAME)";
				SWIFT_VERSION = 5.0;
				TARGETED_DEVICE_FAMILY = "1,2";
			};
			name = Release;
		};
		12E25AEC2255BEED0046CB1C /* Debug */ = {
			isa = XCBuildConfiguration;
			baseConfigurationReference = 72A96EC4B389680BAF1E1627 /* Pods-Sample.debug.xcconfig */;
			buildSettings = {
				ASSETCATALOG_COMPILER_APPICON_NAME = AppIcon;
				CODE_SIGN_STYLE = Automatic;
				DEVELOPMENT_TEAM = WWCKBW8CKN;
				INFOPLIST_FILE = Sample/Info.plist;
				LD_RUNPATH_SEARCH_PATHS = (
					"$(inherited)",
					"@executable_path/Frameworks",
				);
				PRODUCT_BUNDLE_IDENTIFIER = team.stamp.Sample;
				PRODUCT_NAME = "$(TARGET_NAME)";
				SWIFT_VERSION = 5.0;
				TARGETED_DEVICE_FAMILY = "1,2";
			};
			name = Debug;
		};
		12E25AED2255BEED0046CB1C /* Release */ = {
			isa = XCBuildConfiguration;
			baseConfigurationReference = 7F008E8FB23CF5A872F079BA /* Pods-Sample.release.xcconfig */;
			buildSettings = {
				ASSETCATALOG_COMPILER_APPICON_NAME = AppIcon;
				CODE_SIGN_STYLE = Automatic;
				DEVELOPMENT_TEAM = WWCKBW8CKN;
				INFOPLIST_FILE = Sample/Info.plist;
				LD_RUNPATH_SEARCH_PATHS = (
					"$(inherited)",
					"@executable_path/Frameworks",
				);
				PRODUCT_BUNDLE_IDENTIFIER = team.stamp.Sample;
				PRODUCT_NAME = "$(TARGET_NAME)";
				SWIFT_VERSION = 5.0;
				TARGETED_DEVICE_FAMILY = "1,2";
			};
			name = Release;
		};
/* End XCBuildConfiguration section */

/* Begin XCConfigurationList section */
		12D75CAB22546247004D1AC4 /* Build configuration list for PBXProject "Messagestore" */ = {
			isa = XCConfigurationList;
			buildConfigurations = (
				12D75CC322546248004D1AC4 /* Debug */,
				12D75CC422546248004D1AC4 /* Release */,
			);
			defaultConfigurationIsVisible = 0;
			defaultConfigurationName = Release;
		};
		12D75CC522546248004D1AC4 /* Build configuration list for PBXNativeTarget "Messagestore" */ = {
			isa = XCConfigurationList;
			buildConfigurations = (
				12D75CC622546248004D1AC4 /* Debug */,
				12D75CC722546248004D1AC4 /* Release */,
			);
			defaultConfigurationIsVisible = 0;
			defaultConfigurationName = Release;
		};
		12D75CC822546248004D1AC4 /* Build configuration list for PBXNativeTarget "MessagestoreTests" */ = {
			isa = XCConfigurationList;
			buildConfigurations = (
				12D75CC922546248004D1AC4 /* Debug */,
				12D75CCA22546248004D1AC4 /* Release */,
			);
			defaultConfigurationIsVisible = 0;
			defaultConfigurationName = Release;
		};
		12E25AEE2255BEED0046CB1C /* Build configuration list for PBXNativeTarget "Sample" */ = {
			isa = XCConfigurationList;
			buildConfigurations = (
				12E25AEC2255BEED0046CB1C /* Debug */,
				12E25AED2255BEED0046CB1C /* Release */,
			);
			defaultConfigurationIsVisible = 0;
			defaultConfigurationName = Release;
		};
/* End XCConfigurationList section */
	};
	rootObject = 12D75CA822546247004D1AC4 /* Project object */;
}
